
Microsoft Visual Studio Solution File, Format Version 12.00
# Visual Studio 15
VisualStudioVersion = 15.0.28307.102
MinimumVisualStudioVersion = 10.0.40219.1
Project("{FAE04EC0-301F-11D3-BF4B-00C04F79EFBC}") = "TestCons1", "TestCons1\TestCons1.csproj", "{B3D916DC-5A9B-4BF9-B63C-1B26215EC8AD}"
EndProject
Project("{FAE04EC0-301F-11D3-BF4B-00C04F79EFBC}") = "DebugDemo", "DebugDemo\DebugDemo.csproj", "{4B271E23-13B5-4569-94D4-0F1C1176F3F0}"
EndProject
Project("{FAE04EC0-301F-11D3-BF4B-00C04F79EFBC}") = "Opg_Variabler", "Opg_Variabler\Opg_Variabler.csproj", "{CC0292DE-9131-4F43-9EB4-B27BCA3F45BA}"
EndProject
Project("{FAE04EC0-301F-11D3-BF4B-00C04F79EFBC}") = "Opg_Variabler_DataTime", "Opg_Variabler_DataTime\Opg_Variabler_DataTime.csproj", "{4962E933-05C0-4376-943E-FD0F301FAAD8}"
EndProject
Project("{FAE04EC0-301F-11D3-BF4B-00C04F79EFBC}") = "Opg_Variabler_Text", "Opg_Variabler_Text\Opg_Variabler_Text.csproj", "{55AEA31E-E2F2-4538-B526-68A5CE644688}"
EndProject
Project("{2150E333-8FDC-42A3-9474-1A3956D46DE8}") = "Solution Items", "Solution Items", "{91977230-C580-4E67-813D-7771C5D67449}"
	ProjectSection(SolutionItems) = preProject
		.editorconfig = .editorconfig
	EndProjectSection
EndProject
Project("{FAE04EC0-301F-11D3-BF4B-00C04F79EFBC}") = "Opg_Variabler_struct_enum", "Opg_Variabler_struct_enum\Opg_Variabler_struct_enum.csproj", "{CEF6E300-A693-4774-860C-18D5FB73A8E0}"
EndProject
Project("{9A19103F-16F7-4668-BE54-9A1E7A4F7556}") = "OPG_Flow", "OPG_Flow\OPG_Flow.csproj", "{220CC157-3BB5-4063-8619-A8114EE5E57A}"
EndProject
Project("{FAE04EC0-301F-11D3-BF4B-00C04F79EFBC}") = "Opg_Metoder_Overload", "Opg_Metoder_Overload\Opg_Metoder_Overload.csproj", "{6622F5B3-95BB-4EA8-A4CC-7574A6A09F54}"
EndProject
Project("{9A19103F-16F7-4668-BE54-9A1E7A4F7556}") = "Opg_Metoder_Rekursiv", "Opg_Metoder_Rekursiv\Opg_Metoder_Rekursiv.csproj", "{03C8B694-4234-438F-A430-7CC6882361F5}"
EndProject
Project("{9A19103F-16F7-4668-BE54-9A1E7A4F7556}") = "Opg_Metoder_Rekursiv_Filer", "Opg_Metoder_Rekursiv_Filer\Opg_Metoder_Rekursiv_Filer.csproj", "{FCF38132-E71E-4F90-86E6-2DD22A94F34C}"
EndProject
Project("{9A19103F-16F7-4668-BE54-9A1E7A4F7556}") = "Opg_Metoder_Simple", "Opg_Metoder_Simple\Opg_Metoder_Simple.csproj", "{66601111-44B6-48F1-8577-02E7A0AC76C9}"
EndProject
Project("{9A19103F-16F7-4668-BE54-9A1E7A4F7556}") = "Opg_Metoder_Statisk", "Opg_Metoder_Statisk\Opg_Metoder_Statisk.csproj", "{F64DE951-8A9D-433E-9CD8-B5941E14F2E3}"
EndProject
Project("{9A19103F-16F7-4668-BE54-9A1E7A4F7556}") = "Opg_Metoder_Nullable", "Opg_Metoder_Nullable\Opg_Metoder_Nullable.csproj", "{89F45186-1782-4426-8DB3-58AC7532CCF4}"
EndProject
Project("{FAE04EC0-301F-11D3-BF4B-00C04F79EFBC}") = "Opg_Fejlhåndtering_Simpel", "ConsoleApp1\Opg_Fejlhåndtering_Simpel.csproj", "{6D082D1A-01C1-4DEB-8C7F-E332819DF2E2}"
EndProject
Project("{FAE04EC0-301F-11D3-BF4B-00C04F79EFBC}") = "Opg_Fejlhåndtering_Egen_Exception", "Opg_Fejlhåndtering_Egen_Exception\Opg_Fejlhåndtering_Egen_Exception.csproj", "{DBFC816A-CCD2-4DEC-B4C6-CC02B6B13146}"
EndProject
Project("{FAE04EC0-301F-11D3-BF4B-00C04F79EFBC}") = "Opg_Hukommelse", "Opg_Hukommelse\Opg_Hukommelse.csproj", "{A09FE985-3E7D-4AFD-93D1-7F472DC7B0A3}"
EndProject
Project("{FAE04EC0-301F-11D3-BF4B-00C04F79EFBC}") = "Opg_Klasser_Simpel", "Opg_Klasser_Simpel\Opg_Klasser_Simpel.csproj", "{C10D6A40-C498-4F6D-A8D3-9C67A25A612A}"
EndProject
Project("{FAE04EC0-301F-11D3-BF4B-00C04F79EFBC}") = "Opg_Klasser_Terning", "Opg_Klasser_Terning\Opg_Klasser_Terning.csproj", "{47530610-202B-4176-B23F-CC95EA895E07}"
EndProject
Project("{FAE04EC0-301F-11D3-BF4B-00C04F79EFBC}") = "Opg_Egenskaber_Simpel", "Opg_Egenskaber_Simpel\Opg_Egenskaber_Simpel.csproj", "{4572F32F-E07C-49A5-A952-C0BD949E3B59}"
EndProject
Project("{FAE04EC0-301F-11D3-BF4B-00C04F79EFBC}") = "Opg_Klasser_Automatisk_Egenskaber", "Opg_Klasser_Automatisk_Egenskaber\Opg_Klasser_Automatisk_Egenskaber.csproj", "{15691BDF-DA34-46EB-A91D-C353DD3DFDE9}"
EndProject
Global
	GlobalSection(SolutionConfigurationPlatforms) = preSolution
		Debug|Any CPU = Debug|Any CPU
		Release|Any CPU = Release|Any CPU
	EndGlobalSection
	GlobalSection(ProjectConfigurationPlatforms) = postSolution
		{B3D916DC-5A9B-4BF9-B63C-1B26215EC8AD}.Debug|Any CPU.ActiveCfg = Debug|Any CPU
		{B3D916DC-5A9B-4BF9-B63C-1B26215EC8AD}.Debug|Any CPU.Build.0 = Debug|Any CPU
		{B3D916DC-5A9B-4BF9-B63C-1B26215EC8AD}.Release|Any CPU.ActiveCfg = Release|Any CPU
		{B3D916DC-5A9B-4BF9-B63C-1B26215EC8AD}.Release|Any CPU.Build.0 = Release|Any CPU
		{4B271E23-13B5-4569-94D4-0F1C1176F3F0}.Debug|Any CPU.ActiveCfg = Debug|Any CPU
		{4B271E23-13B5-4569-94D4-0F1C1176F3F0}.Debug|Any CPU.Build.0 = Debug|Any CPU
		{4B271E23-13B5-4569-94D4-0F1C1176F3F0}.Release|Any CPU.ActiveCfg = Release|Any CPU
		{4B271E23-13B5-4569-94D4-0F1C1176F3F0}.Release|Any CPU.Build.0 = Release|Any CPU
		{CC0292DE-9131-4F43-9EB4-B27BCA3F45BA}.Debug|Any CPU.ActiveCfg = Debug|Any CPU
		{CC0292DE-9131-4F43-9EB4-B27BCA3F45BA}.Debug|Any CPU.Build.0 = Debug|Any CPU
		{CC0292DE-9131-4F43-9EB4-B27BCA3F45BA}.Release|Any CPU.ActiveCfg = Release|Any CPU
		{CC0292DE-9131-4F43-9EB4-B27BCA3F45BA}.Release|Any CPU.Build.0 = Release|Any CPU
		{4962E933-05C0-4376-943E-FD0F301FAAD8}.Debug|Any CPU.ActiveCfg = Debug|Any CPU
		{4962E933-05C0-4376-943E-FD0F301FAAD8}.Debug|Any CPU.Build.0 = Debug|Any CPU
		{4962E933-05C0-4376-943E-FD0F301FAAD8}.Release|Any CPU.ActiveCfg = Release|Any CPU
		{4962E933-05C0-4376-943E-FD0F301FAAD8}.Release|Any CPU.Build.0 = Release|Any CPU
		{55AEA31E-E2F2-4538-B526-68A5CE644688}.Debug|Any CPU.ActiveCfg = Debug|Any CPU
		{55AEA31E-E2F2-4538-B526-68A5CE644688}.Debug|Any CPU.Build.0 = Debug|Any CPU
		{55AEA31E-E2F2-4538-B526-68A5CE644688}.Release|Any CPU.ActiveCfg = Release|Any CPU
		{55AEA31E-E2F2-4538-B526-68A5CE644688}.Release|Any CPU.Build.0 = Release|Any CPU
		{CEF6E300-A693-4774-860C-18D5FB73A8E0}.Debug|Any CPU.ActiveCfg = Debug|Any CPU
		{CEF6E300-A693-4774-860C-18D5FB73A8E0}.Debug|Any CPU.Build.0 = Debug|Any CPU
		{CEF6E300-A693-4774-860C-18D5FB73A8E0}.Release|Any CPU.ActiveCfg = Release|Any CPU
		{CEF6E300-A693-4774-860C-18D5FB73A8E0}.Release|Any CPU.Build.0 = Release|Any CPU
		{220CC157-3BB5-4063-8619-A8114EE5E57A}.Debug|Any CPU.ActiveCfg = Debug|Any CPU
		{220CC157-3BB5-4063-8619-A8114EE5E57A}.Debug|Any CPU.Build.0 = Debug|Any CPU
		{220CC157-3BB5-4063-8619-A8114EE5E57A}.Release|Any CPU.ActiveCfg = Release|Any CPU
		{220CC157-3BB5-4063-8619-A8114EE5E57A}.Release|Any CPU.Build.0 = Release|Any CPU
		{6622F5B3-95BB-4EA8-A4CC-7574A6A09F54}.Debug|Any CPU.ActiveCfg = Debug|Any CPU
		{6622F5B3-95BB-4EA8-A4CC-7574A6A09F54}.Debug|Any CPU.Build.0 = Debug|Any CPU
		{6622F5B3-95BB-4EA8-A4CC-7574A6A09F54}.Release|Any CPU.ActiveCfg = Release|Any CPU
		{6622F5B3-95BB-4EA8-A4CC-7574A6A09F54}.Release|Any CPU.Build.0 = Release|Any CPU
		{03C8B694-4234-438F-A430-7CC6882361F5}.Debug|Any CPU.ActiveCfg = Debug|Any CPU
		{03C8B694-4234-438F-A430-7CC6882361F5}.Debug|Any CPU.Build.0 = Debug|Any CPU
		{03C8B694-4234-438F-A430-7CC6882361F5}.Release|Any CPU.ActiveCfg = Release|Any CPU
		{03C8B694-4234-438F-A430-7CC6882361F5}.Release|Any CPU.Build.0 = Release|Any CPU
		{FCF38132-E71E-4F90-86E6-2DD22A94F34C}.Debug|Any CPU.ActiveCfg = Debug|Any CPU
		{FCF38132-E71E-4F90-86E6-2DD22A94F34C}.Debug|Any CPU.Build.0 = Debug|Any CPU
		{FCF38132-E71E-4F90-86E6-2DD22A94F34C}.Release|Any CPU.ActiveCfg = Release|Any CPU
		{FCF38132-E71E-4F90-86E6-2DD22A94F34C}.Release|Any CPU.Build.0 = Release|Any CPU
		{66601111-44B6-48F1-8577-02E7A0AC76C9}.Debug|Any CPU.ActiveCfg = Debug|Any CPU
		{66601111-44B6-48F1-8577-02E7A0AC76C9}.Debug|Any CPU.Build.0 = Debug|Any CPU
		{66601111-44B6-48F1-8577-02E7A0AC76C9}.Release|Any CPU.ActiveCfg = Release|Any CPU
		{66601111-44B6-48F1-8577-02E7A0AC76C9}.Release|Any CPU.Build.0 = Release|Any CPU
		{F64DE951-8A9D-433E-9CD8-B5941E14F2E3}.Debug|Any CPU.ActiveCfg = Debug|Any CPU
		{F64DE951-8A9D-433E-9CD8-B5941E14F2E3}.Debug|Any CPU.Build.0 = Debug|Any CPU
		{F64DE951-8A9D-433E-9CD8-B5941E14F2E3}.Release|Any CPU.ActiveCfg = Release|Any CPU
		{F64DE951-8A9D-433E-9CD8-B5941E14F2E3}.Release|Any CPU.Build.0 = Release|Any CPU
		{89F45186-1782-4426-8DB3-58AC7532CCF4}.Debug|Any CPU.ActiveCfg = Debug|Any CPU
		{89F45186-1782-4426-8DB3-58AC7532CCF4}.Debug|Any CPU.Build.0 = Debug|Any CPU
		{89F45186-1782-4426-8DB3-58AC7532CCF4}.Release|Any CPU.ActiveCfg = Release|Any CPU
		{89F45186-1782-4426-8DB3-58AC7532CCF4}.Release|Any CPU.Build.0 = Release|Any CPU
		{6D082D1A-01C1-4DEB-8C7F-E332819DF2E2}.Debug|Any CPU.ActiveCfg = Debug|Any CPU
		{6D082D1A-01C1-4DEB-8C7F-E332819DF2E2}.Debug|Any CPU.Build.0 = Debug|Any CPU
		{6D082D1A-01C1-4DEB-8C7F-E332819DF2E2}.Release|Any CPU.ActiveCfg = Release|Any CPU
		{6D082D1A-01C1-4DEB-8C7F-E332819DF2E2}.Release|Any CPU.Build.0 = Release|Any CPU
		{DBFC816A-CCD2-4DEC-B4C6-CC02B6B13146}.Debug|Any CPU.ActiveCfg = Debug|Any CPU
		{DBFC816A-CCD2-4DEC-B4C6-CC02B6B13146}.Debug|Any CPU.Build.0 = Debug|Any CPU
		{DBFC816A-CCD2-4DEC-B4C6-CC02B6B13146}.Release|Any CPU.ActiveCfg = Release|Any CPU
		{DBFC816A-CCD2-4DEC-B4C6-CC02B6B13146}.Release|Any CPU.Build.0 = Release|Any CPU
		{A09FE985-3E7D-4AFD-93D1-7F472DC7B0A3}.Debug|Any CPU.ActiveCfg = Debug|Any CPU
		{A09FE985-3E7D-4AFD-93D1-7F472DC7B0A3}.Debug|Any CPU.Build.0 = Debug|Any CPU
		{A09FE985-3E7D-4AFD-93D1-7F472DC7B0A3}.Release|Any CPU.ActiveCfg = Release|Any CPU
		{A09FE985-3E7D-4AFD-93D1-7F472DC7B0A3}.Release|Any CPU.Build.0 = Release|Any CPU
		{C10D6A40-C498-4F6D-A8D3-9C67A25A612A}.Debug|Any CPU.ActiveCfg = Debug|Any CPU
		{C10D6A40-C498-4F6D-A8D3-9C67A25A612A}.Debug|Any CPU.Build.0 = Debug|Any CPU
		{C10D6A40-C498-4F6D-A8D3-9C67A25A612A}.Release|Any CPU.ActiveCfg = Release|Any CPU
		{C10D6A40-C498-4F6D-A8D3-9C67A25A612A}.Release|Any CPU.Build.0 = Release|Any CPU
		{47530610-202B-4176-B23F-CC95EA895E07}.Debug|Any CPU.ActiveCfg = Debug|Any CPU
		{47530610-202B-4176-B23F-CC95EA895E07}.Debug|Any CPU.Build.0 = Debug|Any CPU
		{47530610-202B-4176-B23F-CC95EA895E07}.Release|Any CPU.ActiveCfg = Release|Any CPU
		{47530610-202B-4176-B23F-CC95EA895E07}.Release|Any CPU.Build.0 = Release|Any CPU
		{4572F32F-E07C-49A5-A952-C0BD949E3B59}.Debug|Any CPU.ActiveCfg = Debug|Any CPU
		{4572F32F-E07C-49A5-A952-C0BD949E3B59}.Debug|Any CPU.Build.0 = Debug|Any CPU
		{4572F32F-E07C-49A5-A952-C0BD949E3B59}.Release|Any CPU.ActiveCfg = Release|Any CPU
		{4572F32F-E07C-49A5-A952-C0BD949E3B59}.Release|Any CPU.Build.0 = Release|Any CPU
		{15691BDF-DA34-46EB-A91D-C353DD3DFDE9}.Debug|Any CPU.ActiveCfg = Debug|Any CPU
		{15691BDF-DA34-46EB-A91D-C353DD3DFDE9}.Debug|Any CPU.Build.0 = Debug|Any CPU
		{15691BDF-DA34-46EB-A91D-C353DD3DFDE9}.Release|Any CPU.ActiveCfg = Release|Any CPU
		{15691BDF-DA34-46EB-A91D-C353DD3DFDE9}.Release|Any CPU.Build.0 = Release|Any CPU
	EndGlobalSection
	GlobalSection(SolutionProperties) = preSolution
		HideSolutionNode = FALSE
	EndGlobalSection
	GlobalSection(ExtensibilityGlobals) = postSolution
		SolutionGuid = {DA455DC3-7EFA-4163-8F68-61F3893BD8BE}
	EndGlobalSection
	GlobalSection(MonoDevelopProperties) = preSolution
		Policies = $0
		$0.VersionControlPolicy = $1
	EndGlobalSection
EndGlobal
